
Microsoft Visual Studio Solution File, Format Version 12.00
# Visual Studio Version 17
VisualStudioVersion = 17.14.36623.8 d17.14
MinimumVisualStudioVersion = 10.0.40219.1
Project("{FAE04EC0-301F-11D3-BF4B-00C04F79EFBC}") = "ayalas_street_dogs", "ayalas_street_dogs\ayalas_street_dogs.csproj", "{2ACABF5E-35D0-4BE1-BF35-E7B845012377}"
EndProject
Global
	GlobalSection(SolutionConfigurationPlatforms) = preSolution
		Debug|Any CPU = Debug|Any CPU
		Release|Any CPU = Release|Any CPU
	EndGlobalSection
	GlobalSection(ProjectConfigurationPlatforms) = postSolution
		{2ACABF5E-35D0-4BE1-BF35-E7B845012377}.Debug|Any CPU.ActiveCfg = Debug|Any CPU
		{2ACABF5E-35D0-4BE1-BF35-E7B845012377}.Debug|Any CPU.Build.0 = Debug|Any CPU
		{2ACABF5E-35D0-4BE1-BF35-E7B845012377}.Release|Any CPU.ActiveCfg = Release|Any CPU
		{2ACABF5E-35D0-4BE1-BF35-E7B845012377}.Release|Any CPU.Build.0 = Release|Any CPU
	EndGlobalSection
	GlobalSection(SolutionProperties) = preSolution
		HideSolutionNode = FALSE
	EndGlobalSection
	GlobalSection(ExtensibilityGlobals) = postSolution
		SolutionGuid = {0035E6BD-2BF3-4D76-8C04-77AC510482A0}
	EndGlobalSection
EndGlobal
